
Microsoft Visual Studio Solution File, Format Version 12.00
# Visual Studio Version 16
VisualStudioVersion = 16.0.31702.278
MinimumVisualStudioVersion = 10.0.40219.1
Project("{FAE04EC0-301F-11D3-BF4B-00C04F79EFBC}") = "SqlServerSample", "SqlServerSample\SqlServerSample.csproj", "{5B3A4005-B60E-43AF-A9DA-9D840D7FA872}"
EndProject
Global
	GlobalSection(SolutionConfigurationPlatforms) = preSolution
		Debug|Any CPU = Debug|Any CPU
		Release|Any CPU = Release|Any CPU
	EndGlobalSection
	GlobalSection(ProjectConfigurationPlatforms) = postSolution
		{5B3A4005-B60E-43AF-A9DA-9D840D7FA872}.Debug|Any CPU.ActiveCfg = Debug|Any CPU
		{5B3A4005-B60E-43AF-A9DA-9D840D7FA872}.Debug|Any CPU.Build.0 = Debug|Any CPU
		{5B3A4005-B60E-43AF-A9DA-9D840D7FA872}.Release|Any CPU.ActiveCfg = Release|Any CPU
		{5B3A4005-B60E-43AF-A9DA-9D840D7FA872}.Release|Any CPU.Build.0 = Release|Any CPU
	EndGlobalSection
	GlobalSection(SolutionProperties) = preSolution
		HideSolutionNode = FALSE
	EndGlobalSection
	GlobalSection(ExtensibilityGlobals) = postSolution
		SolutionGuid = {CEBEDF3A-CEC8-4DA4-BC27-A2F7E871475C}
	EndGlobalSection
EndGlobal
